// !$*UTF8*$!
{
	archiveVersion = 1;
	classes = {
	};
	objectVersion = 77;
	objects = {

/* Begin PBXBuildFile section */
		460189292F07BB4300025CED /* WidgetKit.framework in Frameworks */ = {isa = PBXBuildFile; fileRef = 460189282F07BB4300025CED /* WidgetKit.framework */; };
		4601892B2F07BB4300025CED /* SwiftUI.framework in Frameworks */ = {isa = PBXBuildFile; fileRef = 4601892A2F07BB4300025CED /* SwiftUI.framework */; };
		4601893A2F07BB4300025CED /* BumpersWidgetExtension.appex in Embed Foundation Extensions */ = {isa = PBXBuildFile; fileRef = 460189262F07BB4300025CED /* BumpersWidgetExtension.appex */; settings = {ATTRIBUTES = (RemoveHeadersOnCopy, ); }; };
/* End PBXBuildFile section */

/* Begin PBXContainerItemProxy section */
		460189382F07BB4300025CED /* PBXContainerItemProxy */ = {
			isa = PBXContainerItemProxy;
			containerPortal = 46BE92772F07747000916A0D /* Project object */;
			proxyType = 1;
			remoteGlobalIDString = 460189252F07BB4300025CED;
			remoteInfo = BumpersWidgetExtension;
		};
		46BE928F2F07747100916A0D /* PBXContainerItemProxy */ = {
			isa = PBXContainerItemProxy;
			containerPortal = 46BE92772F07747000916A0D /* Project object */;
			proxyType = 1;
			remoteGlobalIDString = 46BE927E2F07747000916A0D;
			remoteInfo = bumpers;
		};
		46BE92992F07747100916A0D /* PBXContainerItemProxy */ = {
			isa = PBXContainerItemProxy;
			containerPortal = 46BE92772F07747000916A0D /* Project object */;
			proxyType = 1;
			remoteGlobalIDString = 46BE927E2F07747000916A0D;
			remoteInfo = bumpers;
		};
/* End PBXContainerItemProxy section */

/* Begin PBXCopyFilesBuildPhase section */
		4601893F2F07BB4300025CED /* Embed Foundation Extensions */ = {
			isa = PBXCopyFilesBuildPhase;
			buildActionMask = 2147483647;
			dstPath = "";
			dstSubfolderSpec = 13;
			files = (
				4601893A2F07BB4300025CED /* BumpersWidgetExtension.appex in Embed Foundation Extensions */,
			);
			name = "Embed Foundation Extensions";
			runOnlyForDeploymentPostprocessing = 0;
		};
/* End PBXCopyFilesBuildPhase section */

/* Begin PBXFileReference section */
		460189262F07BB4300025CED /* BumpersWidgetExtension.appex */ = {isa = PBXFileReference; explicitFileType = "wrapper.app-extension"; includeInIndex = 0; path = BumpersWidgetExtension.appex; sourceTree = BUILT_PRODUCTS_DIR; };
		460189282F07BB4300025CED /* WidgetKit.framework */ = {isa = PBXFileReference; lastKnownFileType = wrapper.framework; name = WidgetKit.framework; path = System/Library/Frameworks/WidgetKit.framework; sourceTree = SDKROOT; };
		4601892A2F07BB4300025CED /* SwiftUI.framework */ = {isa = PBXFileReference; lastKnownFileType = wrapper.framework; name = SwiftUI.framework; path = System/Library/Frameworks/SwiftUI.framework; sourceTree = SDKROOT; };
		46BE927F2F07747000916A0D /* bumpers.app */ = {isa = PBXFileReference; explicitFileType = wrapper.application; includeInIndex = 0; path = bumpers.app; sourceTree = BUILT_PRODUCTS_DIR; };
		46BE928E2F07747100916A0D /* bumpersTests.xctest */ = {isa = PBXFileReference; explicitFileType = wrapper.cfbundle; includeInIndex = 0; path = bumpersTests.xctest; sourceTree = BUILT_PRODUCTS_DIR; };
		46BE92982F07747100916A0D /* bumpersUITests.xctest */ = {isa = PBXFileReference; explicitFileType = wrapper.cfbundle; includeInIndex = 0; path = bumpersUITests.xctest; sourceTree = BUILT_PRODUCTS_DIR; };
/* End PBXFileReference section */

/* Begin PBXFileSystemSynchronizedBuildFileExceptionSet section */
		4601893B2F07BB4300025CED /* Exceptions for "BumpersWidget" folder in "BumpersWidgetExtension" target */ = {
			isa = PBXFileSystemSynchronizedBuildFileExceptionSet;
			membershipExceptions = (
				Info.plist,
			);
			target = 460189252F07BB4300025CED /* BumpersWidgetExtension */;
		};
/* End PBXFileSystemSynchronizedBuildFileExceptionSet section */

/* Begin PBXFileSystemSynchronizedRootGroup section */
		4601892C2F07BB4300025CED /* BumpersWidget */ = {
			isa = PBXFileSystemSynchronizedRootGroup;
			exceptions = (
				4601893B2F07BB4300025CED /* Exceptions for "BumpersWidget" folder in "BumpersWidgetExtension" target */,
			);
			path = BumpersWidget;
			sourceTree = "<group>";
		};
		46BE92812F07747000916A0D /* bumpers */ = {
			isa = PBXFileSystemSynchronizedRootGroup;
			path = bumpers;
			sourceTree = "<group>";
		};
		46BE92912F07747100916A0D /* bumpersTests */ = {
			isa = PBXFileSystemSynchronizedRootGroup;
			path = bumpersTests;
			sourceTree = "<group>";
		};
		46BE929B2F07747100916A0D /* bumpersUITests */ = {
			isa = PBXFileSystemSynchronizedRootGroup;
			path = bumpersUITests;
			sourceTree = "<group>";
		};
/* End PBXFileSystemSynchronizedRootGroup section */

/* Begin PBXFrameworksBuildPhase section */
		460189232F07BB4300025CED /* Frameworks */ = {
			isa = PBXFrameworksBuildPhase;
			buildActionMask = 2147483647;
			files = (
				4601892B2F07BB4300025CED /* SwiftUI.framework in Frameworks */,
				460189292F07BB4300025CED /* WidgetKit.framework in Frameworks */,
			);
			runOnlyForDeploymentPostprocessing = 0;
		};
		46BE927C2F07747000916A0D /* Frameworks */ = {
			isa = PBXFrameworksBuildPhase;
			buildActionMask = 2147483647;
			files = (
			);
			runOnlyForDeploymentPostprocessing = 0;
		};
		46BE928B2F07747100916A0D /* Frameworks */ = {
			isa = PBXFrameworksBuildPhase;
			buildActionMask = 2147483647;
			files = (
			);
			runOnlyForDeploymentPostprocessing = 0;
		};
		46BE92952F07747100916A0D /* Frameworks */ = {
			isa = PBXFrameworksBuildPhase;
			buildActionMask = 2147483647;
			files = (
			);
			runOnlyForDeploymentPostprocessing = 0;
		};
/* End PBXFrameworksBuildPhase section */

/* Begin PBXGroup section */
		460189272F07BB4300025CED /* Frameworks */ = {
			isa = PBXGroup;
			children = (
				460189282F07BB4300025CED /* WidgetKit.framework */,
				4601892A2F07BB4300025CED /* SwiftUI.framework */,
			);
			name = Frameworks;
			sourceTree = "<group>";
		};
		46BE92762F07747000916A0D = {
			isa = PBXGroup;
			children = (
				46BE92812F07747000916A0D /* bumpers */,
				46BE92912F07747100916A0D /* bumpersTests */,
				46BE929B2F07747100916A0D /* bumpersUITests */,
				4601892C2F07BB4300025CED /* BumpersWidget */,
				460189272F07BB4300025CED /* Frameworks */,
				46BE92802F07747000916A0D /* Products */,
			);
			sourceTree = "<group>";
		};
		46BE92802F07747000916A0D /* Products */ = {
			isa = PBXGroup;
			children = (
				46BE927F2F07747000916A0D /* bumpers.app */,
				46BE928E2F07747100916A0D /* bumpersTests.xctest */,
				46BE92982F07747100916A0D /* bumpersUITests.xctest */,
				460189262F07BB4300025CED /* BumpersWidgetExtension.appex */,
			);
			name = Products;
			sourceTree = "<group>";
		};
/* End PBXGroup section */

/* Begin PBXNativeTarget section */
		460189252F07BB4300025CED /* BumpersWidgetExtension */ = {
			isa = PBXNativeTarget;
			buildConfigurationList = 4601893C2F07BB4300025CED /* Build configuration list for PBXNativeTarget "BumpersWidgetExtension" */;
			buildPhases = (
				460189222F07BB4300025CED /* Sources */,
				460189232F07BB4300025CED /* Frameworks */,
				460189242F07BB4300025CED /* Resources */,
			);
			buildRules = (
			);
			dependencies = (
			);
			fileSystemSynchronizedGroups = (
				4601892C2F07BB4300025CED /* BumpersWidget */,
			);
			name = BumpersWidgetExtension;
			packageProductDependencies = (
			);
			productName = BumpersWidgetExtension;
			productReference = 460189262F07BB4300025CED /* BumpersWidgetExtension.appex */;
			productType = "com.apple.product-type.app-extension";
		};
		46BE927E2F07747000916A0D /* bumpers */ = {
			isa = PBXNativeTarget;
			buildConfigurationList = 46BE92A22F07747100916A0D /* Build configuration list for PBXNativeTarget "bumpers" */;
			buildPhases = (
				46BE927B2F07747000916A0D /* Sources */,
				46BE927C2F07747000916A0D /* Frameworks */,
				46BE927D2F07747000916A0D /* Resources */,
				4601893F2F07BB4300025CED /* Embed Foundation Extensions */,
			);
			buildRules = (
			);
			dependencies = (
				460189392F07BB4300025CED /* PBXTargetDependency */,
			);
			fileSystemSynchronizedGroups = (
				46BE92812F07747000916A0D /* bumpers */,
			);
			name = bumpers;
			packageProductDependencies = (
			);
			productName = bumpers;
			productReference = 46BE927F2F07747000916A0D /* bumpers.app */;
			productType = "com.apple.product-type.application";
		};
		46BE928D2F07747100916A0D /* bumpersTests */ = {
			isa = PBXNativeTarget;
			buildConfigurationList = 46BE92A52F07747100916A0D /* Build configuration list for PBXNativeTarget "bumpersTests" */;
			buildPhases = (
				46BE928A2F07747100916A0D /* Sources */,
				46BE928B2F07747100916A0D /* Frameworks */,
				46BE928C2F07747100916A0D /* Resources */,
			);
			buildRules = (
			);
			dependencies = (
				46BE92902F07747100916A0D /* PBXTargetDependency */,
			);
			fileSystemSynchronizedGroups = (
				46BE92912F07747100916A0D /* bumpersTests */,
			);
			name = bumpersTests;
			packageProductDependencies = (
			);
			productName = bumpersTests;
			productReference = 46BE928E2F07747100916A0D /* bumpersTests.xctest */;
			productType = "com.apple.product-type.bundle.unit-test";
		};
		46BE92972F07747100916A0D /* bumpersUITests */ = {
			isa = PBXNativeTarget;
			buildConfigurationList = 46BE92A82F07747100916A0D /* Build configuration list for PBXNativeTarget "bumpersUITests" */;
			buildPhases = (
				46BE92942F07747100916A0D /* Sources */,
				46BE92952F07747100916A0D /* Frameworks */,
				46BE92962F07747100916A0D /* Resources */,
			);
			buildRules = (
			);
			dependencies = (
				46BE929A2F07747100916A0D /* PBXTargetDependency */,
			);
			fileSystemSynchronizedGroups = (
				46BE929B2F07747100916A0D /* bumpersUITests */,
			);
			name = bumpersUITests;
			packageProductDependencies = (
			);
			productName = bumpersUITests;
			productReference = 46BE92982F07747100916A0D /* bumpersUITests.xctest */;
			productType = "com.apple.product-type.bundle.ui-testing";
		};
/* End PBXNativeTarget section */

/* Begin PBXProject section */
		46BE92772F07747000916A0D /* Project object */ = {
			isa = PBXProject;
			attributes = {
				BuildIndependentTargetsInParallel = 1;
				LastSwiftUpdateCheck = 2620;
				LastUpgradeCheck = 2620;
				TargetAttributes = {
					460189252F07BB4300025CED = {
						CreatedOnToolsVersion = 26.2;
					};
					46BE927E2F07747000916A0D = {
						CreatedOnToolsVersion = 26.2;
					};
					46BE928D2F07747100916A0D = {
						CreatedOnToolsVersion = 26.2;
						TestTargetID = 46BE927E2F07747000916A0D;
					};
					46BE92972F07747100916A0D = {
						CreatedOnToolsVersion = 26.2;
						TestTargetID = 46BE927E2F07747000916A0D;
					};
				};
			};
			buildConfigurationList = 46BE927A2F07747000916A0D /* Build configuration list for PBXProject "bumpers" */;
			developmentRegion = en;
			hasScannedForEncodings = 0;
			knownRegions = (
				en,
				Base,
			);
			mainGroup = 46BE92762F07747000916A0D;
			minimizedProjectReferenceProxies = 1;
			preferredProjectObjectVersion = 77;
			productRefGroup = 46BE92802F07747000916A0D /* Products */;
			projectDirPath = "";
			projectRoot = "";
			targets = (
				46BE927E2F07747000916A0D /* bumpers */,
				46BE928D2F07747100916A0D /* bumpersTests */,
				46BE92972F07747100916A0D /* bumpersUITests */,
				460189252F07BB4300025CED /* BumpersWidgetExtension */,
			);
		};
/* End PBXProject section */

/* Begin PBXResourcesBuildPhase section */
		460189242F07BB4300025CED /* Resources */ = {
			isa = PBXResourcesBuildPhase;
			buildActionMask = 2147483647;
			files = (
			);
			runOnlyForDeploymentPostprocessing = 0;
		};
		46BE927D2F07747000916A0D /* Resources */ = {
			isa = PBXResourcesBuildPhase;
			buildActionMask = 2147483647;
			files = (
			);
			runOnlyForDeploymentPostprocessing = 0;
		};
		46BE928C2F07747100916A0D /* Resources */ = {
			isa = PBXResourcesBuildPhase;
			buildActionMask = 2147483647;
			files = (
			);
			runOnlyForDeploymentPostprocessing = 0;
		};
		46BE92962F07747100916A0D /* Resources */ = {
			isa = PBXResourcesBuildPhase;
			buildActionMask = 2147483647;
			files = (
			);
			runOnlyForDeploymentPostprocessing = 0;
		};
/* End PBXResourcesBuildPhase section */

/* Begin PBXSourcesBuildPhase section */
		460189222F07BB4300025CED /* Sources */ = {
			isa = PBXSourcesBuildPhase;
			buildActionMask = 2147483647;
			files = (
			);
			runOnlyForDeploymentPostprocessing = 0;
		};
		46BE927B2F07747000916A0D /* Sources */ = {
			isa = PBXSourcesBuildPhase;
			buildActionMask = 2147483647;
			files = (
			);
			runOnlyForDeploymentPostprocessing = 0;
		};
		46BE928A2F07747100916A0D /* Sources */ = {
			isa = PBXSourcesBuildPhase;
			buildActionMask = 2147483647;
			files = (
			);
			runOnlyForDeploymentPostprocessing = 0;
		};
		46BE92942F07747100916A0D /* Sources */ = {
			isa = PBXSourcesBuildPhase;
			buildActionMask = 2147483647;
			files = (
			);
			runOnlyForDeploymentPostprocessing = 0;
		};
/* End PBXSourcesBuildPhase section */

/* Begin PBXTargetDependency section */
		460189392F07BB4300025CED /* PBXTargetDependency */ = {
			isa = PBXTargetDependency;
			target = 460189252F07BB4300025CED /* BumpersWidgetExtension */;
			targetProxy = 460189382F07BB4300025CED /* PBXContainerItemProxy */;
		};
		46BE92902F07747100916A0D /* PBXTargetDependency */ = {
			isa = PBXTargetDependency;
			target = 46BE927E2F07747000916A0D /* bumpers */;
			targetProxy = 46BE928F2F07747100916A0D /* PBXContainerItemProxy */;
		};
		46BE929A2F07747100916A0D /* PBXTargetDependency */ = {
			isa = PBXTargetDependency;
			target = 46BE927E2F07747000916A0D /* bumpers */;
			targetProxy = 46BE92992F07747100916A0D /* PBXContainerItemProxy */;
		};
/* End PBXTargetDependency section */

/* Begin XCBuildConfiguration section */
		4601893D2F07BB4300025CED /* Debug */ = {
			isa = XCBuildConfiguration;
			buildSettings = {
				ASSETCATALOG_COMPILER_GLOBAL_ACCENT_COLOR_NAME = AccentColor;
				ASSETCATALOG_COMPILER_WIDGET_BACKGROUND_COLOR_NAME = WidgetBackground;
				CODE_SIGN_STYLE = Automatic;
				CURRENT_PROJECT_VERSION = 1;
				DEVELOPMENT_TEAM = ZL5U59XBJ6;
				GENERATE_INFOPLIST_FILE = YES;
				INFOPLIST_FILE = BumpersWidget/Info.plist;
				INFOPLIST_KEY_CFBundleDisplayName = BumpersWidget;
				INFOPLIST_KEY_NSHumanReadableCopyright = "";
				IPHONEOS_DEPLOYMENT_TARGET = 17.0;
				LD_RUNPATH_SEARCH_PATHS = (
					"$(inherited)",
					"@executable_path/Frameworks",
					"@executable_path/../../Frameworks",
				);
				MARKETING_VERSION = 1.0;
				PRODUCT_BUNDLE_IDENTIFIER = samayd.bumpers.BumpersWidget;
				PRODUCT_NAME = "$(TARGET_NAME)";
				SKIP_INSTALL = YES;
				STRING_CATALOG_GENERATE_SYMBOLS = YES;
				SWIFT_APPROACHABLE_CONCURRENCY = YES;
				SWIFT_EMIT_LOC_STRINGS = YES;
				SWIFT_UPCOMING_FEATURE_MEMBER_IMPORT_VISIBILITY = YES;
				SWIFT_VERSION = 5.0;
				TARGETED_DEVICE_FAMILY = "1,2";
			};
			name = Debug;
		};
		4601893E2F07BB4300025CED /* Release */ = {
			isa = XCBuildConfiguration;
			buildSettings = {
				ASSETCATALOG_COMPILER_GLOBAL_ACCENT_COLOR_NAME = AccentColor;
				ASSETCATALOG_COMPILER_WIDGET_BACKGROUND_COLOR_NAME = WidgetBackground;
				CODE_SIGN_STYLE = Automatic;
				CURRENT_PROJECT_VERSION = 1;
				DEVELOPMENT_TEAM = ZL5U59XBJ6;
				GENERATE_INFOPLIST_FILE = YES;
				INFOPLIST_FILE = BumpersWidget/Info.plist;
				INFOPLIST_KEY_CFBundleDisplayName = BumpersWidget;
				INFOPLIST_KEY_NSHumanReadableCopyright = "";
				IPHONEOS_DEPLOYMENT_TARGET = 17.0;
				LD_RUNPATH_SEARCH_PATHS = (
					"$(inherited)",
					"@executable_path/Frameworks",
					"@executable_path/../../Frameworks",
				);
				MARKETING_VERSION = 1.0;
				PRODUCT_BUNDLE_IDENTIFIER = samayd.bumpers.BumpersWidget;
				PRODUCT_NAME = "$(TARGET_NAME)";
				SKIP_INSTALL = YES;
				STRING_CATALOG_GENERATE_SYMBOLS = YES;
				SWIFT_APPROACHABLE_CONCURRENCY = YES;
				SWIFT_EMIT_LOC_STRINGS = YES;
				SWIFT_UPCOMING_FEATURE_MEMBER_IMPORT_VISIBILITY = YES;
				SWIFT_VERSION = 5.0;
				TARGETED_DEVICE_FAMILY = "1,2";
			};
			name = Release;
		};
		46BE92A02F07747100916A0D /* Debug */ = {
			isa = XCBuildConfiguration;
			buildSettings = {
				ALWAYS_SEARCH_USER_PATHS = NO;
				ASSETCATALOG_COMPILER_GENERATE_SWIFT_ASSET_SYMBOL_EXTENSIONS = YES;
				CLANG_ANALYZER_NONNULL = YES;
				CLANG_ANALYZER_NUMBER_OBJECT_CONVERSION = YES_AGGRESSIVE;
				CLANG_CXX_LANGUAGE_STANDARD = "gnu++20";
				CLANG_ENABLE_MODULES = YES;
				CLANG_ENABLE_OBJC_ARC = YES;
				CLANG_ENABLE_OBJC_WEAK = YES;
				CLANG_WARN_BLOCK_CAPTURE_AUTORELEASING = YES;
				CLANG_WARN_BOOL_CONVERSION = YES;
				CLANG_WARN_COMMA = YES;
				CLANG_WARN_CONSTANT_CONVERSION = YES;
				CLANG_WARN_DEPRECATED_OBJC_IMPLEMENTATIONS = YES;
				CLANG_WARN_DIRECT_OBJC_ISA_USAGE = YES_ERROR;
				CLANG_WARN_DOCUMENTATION_COMMENTS = YES;
				CLANG_WARN_EMPTY_BODY = YES;
				CLANG_WARN_ENUM_CONVERSION = YES;
				CLANG_WARN_INFINITE_RECURSION = YES;
				CLANG_WARN_INT_CONVERSION = YES;
				CLANG_WARN_NON_LITERAL_NULL_CONVERSION = YES;
				CLANG_WARN_OBJC_IMPLICIT_RETAIN_SELF = YES;
				CLANG_WARN_OBJC_LITERAL_CONVERSION = YES;
				CLANG_WARN_OBJC_ROOT_CLASS = YES_ERROR;
				CLANG_WARN_QUOTED_INCLUDE_IN_FRAMEWORK_HEADER = YES;
				CLANG_WARN_RANGE_LOOP_ANALYSIS = YES;
				CLANG_WARN_STRICT_PROTOTYPES = YES;
				CLANG_WARN_SUSPICIOUS_MOVE = YES;
				CLANG_WARN_UNGUARDED_AVAILABILITY = YES_AGGRESSIVE;
				CLANG_WARN_UNREACHABLE_CODE = YES;
				CLANG_WARN__DUPLICATE_METHOD_MATCH = YES;
				COPY_PHASE_STRIP = NO;
				DEBUG_INFORMATION_FORMAT = dwarf;
				DEVELOPMENT_TEAM = ZL5U59XBJ6;
				ENABLE_STRICT_OBJC_MSGSEND = YES;
				ENABLE_TESTABILITY = YES;
				ENABLE_USER_SCRIPT_SANDBOXING = YES;
				GCC_C_LANGUAGE_STANDARD = gnu17;
				GCC_DYNAMIC_NO_PIC = NO;
				GCC_NO_COMMON_BLOCKS = YES;
				GCC_OPTIMIZATION_LEVEL = 0;
				GCC_PREPROCESSOR_DEFINITIONS = (
					"DEBUG=1",
					"$(inherited)",
				);
				GCC_WARN_64_TO_32_BIT_CONVERSION = YES;
				GCC_WARN_ABOUT_RETURN_TYPE = YES_ERROR;
				GCC_WARN_UNDECLARED_SELECTOR = YES;
				GCC_WARN_UNINITIALIZED_AUTOS = YES_AGGRESSIVE;
				GCC_WARN_UNUSED_FUNCTION = YES;
				GCC_WARN_UNUSED_VARIABLE = YES;
				IPHONEOS_DEPLOYMENT_TARGET = 17.0;
				LOCALIZATION_PREFERS_STRING_CATALOGS = YES;
				MTL_ENABLE_DEBUG_INFO = INCLUDE_SOURCE;
				MTL_FAST_MATH = YES;
				ONLY_ACTIVE_ARCH = YES;
				SDKROOT = iphoneos;
				SWIFT_ACTIVE_COMPILATION_CONDITIONS = "DEBUG $(inherited)";
				SWIFT_OPTIMIZATION_LEVEL = "-Onone";
			};
			name = Debug;
		};
		46BE92A12F07747100916A0D /* Release */ = {
			isa = XCBuildConfiguration;
			buildSettings = {
				ALWAYS_SEARCH_USER_PATHS = NO;
				ASSETCATALOG_COMPILER_GENERATE_SWIFT_ASSET_SYMBOL_EXTENSIONS = YES;
				CLANG_ANALYZER_NONNULL = YES;
				CLANG_ANALYZER_NUMBER_OBJECT_CONVERSION = YES_AGGRESSIVE;
				CLANG_CXX_LANGUAGE_STANDARD = "gnu++20";
				CLANG_ENABLE_MODULES = YES;
				CLANG_ENABLE_OBJC_ARC = YES;
				CLANG_ENABLE_OBJC_WEAK = YES;
				CLANG_WARN_BLOCK_CAPTURE_AUTORELEASING = YES;
				CLANG_WARN_BOOL_CONVERSION = YES;
				CLANG_WARN_COMMA = YES;
				CLANG_WARN_CONSTANT_CONVERSION = YES;
				CLANG_WARN_DEPRECATED_OBJC_IMPLEMENTATIONS = YES;
				CLANG_WARN_DIRECT_OBJC_ISA_USAGE = YES_ERROR;
				CLANG_WARN_DOCUMENTATION_COMMENTS = YES;
				CLANG_WARN_EMPTY_BODY = YES;
				CLANG_WARN_ENUM_CONVERSION = YES;
				CLANG_WARN_INFINITE_RECURSION = YES;
				CLANG_WARN_INT_CONVERSION = YES;
				CLANG_WARN_NON_LITERAL_NULL_CONVERSION = YES;
				CLANG_WARN_OBJC_IMPLICIT_RETAIN_SELF = YES;
				CLANG_WARN_OBJC_LITERAL_CONVERSION = YES;
				CLANG_WARN_OBJC_ROOT_CLASS = YES_ERROR;
				CLANG_WARN_QUOTED_INCLUDE_IN_FRAMEWORK_HEADER = YES;
				CLANG_WARN_RANGE_LOOP_ANALYSIS = YES;
				CLANG_WARN_STRICT_PROTOTYPES = YES;
				CLANG_WARN_SUSPICIOUS_MOVE = YES;
				CLANG_WARN_UNGUARDED_AVAILABILITY = YES_AGGRESSIVE;
				CLANG_WARN_UNREACHABLE_CODE = YES;
				CLANG_WARN__DUPLICATE_METHOD_MATCH = YES;
				COPY_PHASE_STRIP = NO;
				DEBUG_INFORMATION_FORMAT = "dwarf-with-dsym";
				DEVELOPMENT_TEAM = ZL5U59XBJ6;
				ENABLE_NS_ASSERTIONS = NO;
				ENABLE_STRICT_OBJC_MSGSEND = YES;
				ENABLE_USER_SCRIPT_SANDBOXING = YES;
				GCC_C_LANGUAGE_STANDARD = gnu17;
				GCC_NO_COMMON_BLOCKS = YES;
				GCC_WARN_64_TO_32_BIT_CONVERSION = YES;
				GCC_WARN_ABOUT_RETURN_TYPE = YES_ERROR;
				GCC_WARN_UNDECLARED_SELECTOR = YES;
				GCC_WARN_UNINITIALIZED_AUTOS = YES_AGGRESSIVE;
				GCC_WARN_UNUSED_FUNCTION = YES;
				GCC_WARN_UNUSED_VARIABLE = YES;
				IPHONEOS_DEPLOYMENT_TARGET = 17.0;
				LOCALIZATION_PREFERS_STRING_CATALOGS = YES;
				MTL_ENABLE_DEBUG_INFO = NO;
				MTL_FAST_MATH = YES;
				SDKROOT = iphoneos;
				SWIFT_COMPILATION_MODE = wholemodule;
				VALIDATE_PRODUCT = YES;
			};
			name = Release;
		};
		46BE92A32F07747100916A0D /* Debug */ = {
			isa = XCBuildConfiguration;
			buildSettings = {
				ASSETCATALOG_COMPILER_APPICON_NAME = AppIcon;
				ASSETCATALOG_COMPILER_GLOBAL_ACCENT_COLOR_NAME = AccentColor;
				CODE_SIGN_STYLE = Automatic;
				CURRENT_PROJECT_VERSION = 1;
				DEVELOPMENT_TEAM = ZL5U59XBJ6;
				ENABLE_PREVIEWS = YES;
				GENERATE_INFOPLIST_FILE = YES;
				INFOPLIST_FILE = Info.plist;
				INFOPLIST_KEY_NSLocationWhenInUseUsageDescription = "Bumper uses your location to guide you toward your destination.";
				INFOPLIST_KEY_UIApplicationSceneManifest_Generation = YES;
				INFOPLIST_KEY_UIApplicationSupportsIndirectInputEvents = YES;
				INFOPLIST_KEY_UILaunchScreen_Generation = YES;
				INFOPLIST_KEY_UISupportedInterfaceOrientations_iPad = "UIInterfaceOrientationPortrait UIInterfaceOrientationPortraitUpsideDown UIInterfaceOrientationLandscapeLeft UIInterfaceOrientationLandscapeRight";
				INFOPLIST_KEY_UISupportedInterfaceOrientations_iPhone = "UIInterfaceOrientationPortrait UIInterfaceOrientationLandscapeLeft UIInterfaceOrientationLandscapeRight";
				LD_RUNPATH_SEARCH_PATHS = (
					"$(inherited)",
					"@executable_path/Frameworks",
				);
				MARKETING_VERSION = 1.0;
				PRODUCT_BUNDLE_IDENTIFIER = samayd.bumpers;
				PRODUCT_NAME = "$(TARGET_NAME)";
				STRING_CATALOG_GENERATE_SYMBOLS = YES;
				SWIFT_APPROACHABLE_CONCURRENCY = YES;
				SWIFT_DEFAULT_ACTOR_ISOLATION = MainActor;
				SWIFT_EMIT_LOC_STRINGS = YES;
				SWIFT_UPCOMING_FEATURE_MEMBER_IMPORT_VISIBILITY = YES;
				SWIFT_VERSION = 5.0;
				TARGETED_DEVICE_FAMILY = "1,2";
			};
			name = Debug;
		};
		46BE92A42F07747100916A0D /* Release */ = {
			isa = XCBuildConfiguration;
			buildSettings = {
				ASSETCATALOG_COMPILER_APPICON_NAME = AppIcon;
				ASSETCATALOG_COMPILER_GLOBAL_ACCENT_COLOR_NAME = AccentColor;
				CODE_SIGN_STYLE = Automatic;
				CURRENT_PROJECT_VERSION = 1;
				DEVELOPMENT_TEAM = ZL5U59XBJ6;
				ENABLE_PREVIEWS = YES;
				GENERATE_INFOPLIST_FILE = YES;
				INFOPLIST_FILE = Info.plist;
				INFOPLIST_KEY_NSLocationWhenInUseUsageDescription = "Bumper uses your location to guide you toward your destination.";
				INFOPLIST_KEY_UIApplicationSceneManifest_Generation = YES;
				INFOPLIST_KEY_UIApplicationSupportsIndirectInputEvents = YES;
				INFOPLIST_KEY_UILaunchScreen_Generation = YES;
				INFOPLIST_KEY_UISupportedInterfaceOrientations_iPad = "UIInterfaceOrientationPortrait UIInterfaceOrientationPortraitUpsideDown UIInterfaceOrientationLandscapeLeft UIInterfaceOrientationLandscapeRight";
				INFOPLIST_KEY_UISupportedInterfaceOrientations_iPhone = "UIInterfaceOrientationPortrait UIInterfaceOrientationLandscapeLeft UIInterfaceOrientationLandscapeRight";
				LD_RUNPATH_SEARCH_PATHS = (
					"$(inherited)",
					"@executable_path/Frameworks",
				);
				MARKETING_VERSION = 1.0;
				PRODUCT_BUNDLE_IDENTIFIER = samayd.bumpers;
				PRODUCT_NAME = "$(TARGET_NAME)";
				STRING_CATALOG_GENERATE_SYMBOLS = YES;
				SWIFT_APPROACHABLE_CONCURRENCY = YES;
				SWIFT_DEFAULT_ACTOR_ISOLATION = MainActor;
				SWIFT_EMIT_LOC_STRINGS = YES;
				SWIFT_UPCOMING_FEATURE_MEMBER_IMPORT_VISIBILITY = YES;
				SWIFT_VERSION = 5.0;
				TARGETED_DEVICE_FAMILY = "1,2";
			};
			name = Release;
		};
		46BE92A62F07747100916A0D /* Debug */ = {
			isa = XCBuildConfiguration;
			buildSettings = {
				BUNDLE_LOADER = "$(TEST_HOST)";
				CODE_SIGN_STYLE = Automatic;
				CURRENT_PROJECT_VERSION = 1;
				DEVELOPMENT_TEAM = ZL5U59XBJ6;
				GENERATE_INFOPLIST_FILE = YES;
				IPHONEOS_DEPLOYMENT_TARGET = 17.0;
				MARKETING_VERSION = 1.0;
				PRODUCT_BUNDLE_IDENTIFIER = samayd.bumpersTests;
				PRODUCT_NAME = "$(TARGET_NAME)";
				STRING_CATALOG_GENERATE_SYMBOLS = NO;
				SWIFT_APPROACHABLE_CONCURRENCY = YES;
				SWIFT_EMIT_LOC_STRINGS = NO;
				SWIFT_UPCOMING_FEATURE_MEMBER_IMPORT_VISIBILITY = YES;
				SWIFT_VERSION = 5.0;
				TARGETED_DEVICE_FAMILY = "1,2";
				TEST_HOST = "$(BUILT_PRODUCTS_DIR)/bumpers.app/$(BUNDLE_EXECUTABLE_FOLDER_PATH)/bumpers";
			};
			name = Debug;
		};
		46BE92A72F07747100916A0D /* Release */ = {
			isa = XCBuildConfiguration;
			buildSettings = {
				BUNDLE_LOADER = "$(TEST_HOST)";
				CODE_SIGN_STYLE = Automatic;
				CURRENT_PROJECT_VERSION = 1;
				DEVELOPMENT_TEAM = ZL5U59XBJ6;
				GENERATE_INFOPLIST_FILE = YES;
				IPHONEOS_DEPLOYMENT_TARGET = 17.0;
				MARKETING_VERSION = 1.0;
				PRODUCT_BUNDLE_IDENTIFIER = samayd.bumpersTests;
				PRODUCT_NAME = "$(TARGET_NAME)";
				STRING_CATALOG_GENERATE_SYMBOLS = NO;
				SWIFT_APPROACHABLE_CONCURRENCY = YES;
				SWIFT_EMIT_LOC_STRINGS = NO;
				SWIFT_UPCOMING_FEATURE_MEMBER_IMPORT_VISIBILITY = YES;
				SWIFT_VERSION = 5.0;
				TARGETED_DEVICE_FAMILY = "1,2";
				TEST_HOST = "$(BUILT_PRODUCTS_DIR)/bumpers.app/$(BUNDLE_EXECUTABLE_FOLDER_PATH)/bumpers";
			};
			name = Release;
		};
		46BE92A92F07747100916A0D /* Debug */ = {
			isa = XCBuildConfiguration;
			buildSettings = {
				CODE_SIGN_STYLE = Automatic;
				CURRENT_PROJECT_VERSION = 1;
				DEVELOPMENT_TEAM = ZL5U59XBJ6;
				GENERATE_INFOPLIST_FILE = YES;
				MARKETING_VERSION = 1.0;
				PRODUCT_BUNDLE_IDENTIFIER = samayd.bumpersUITests;
				PRODUCT_NAME = "$(TARGET_NAME)";
				STRING_CATALOG_GENERATE_SYMBOLS = NO;
				SWIFT_APPROACHABLE_CONCURRENCY = YES;
				SWIFT_EMIT_LOC_STRINGS = NO;
				SWIFT_UPCOMING_FEATURE_MEMBER_IMPORT_VISIBILITY = YES;
				SWIFT_VERSION = 5.0;
				TARGETED_DEVICE_FAMILY = "1,2";
				TEST_TARGET_NAME = bumpers;
			};
			name = Debug;
		};
		46BE92AA2F07747100916A0D /* Release */ = {
			isa = XCBuildConfiguration;
			buildSettings = {
				CODE_SIGN_STYLE = Automatic;
				CURRENT_PROJECT_VERSION = 1;
				DEVELOPMENT_TEAM = ZL5U59XBJ6;
				GENERATE_INFOPLIST_FILE = YES;
				MARKETING_VERSION = 1.0;
				PRODUCT_BUNDLE_IDENTIFIER = samayd.bumpersUITests;
				PRODUCT_NAME = "$(TARGET_NAME)";
				STRING_CATALOG_GENERATE_SYMBOLS = NO;
				SWIFT_APPROACHABLE_CONCURRENCY = YES;
				SWIFT_EMIT_LOC_STRINGS = NO;
				SWIFT_UPCOMING_FEATURE_MEMBER_IMPORT_VISIBILITY = YES;
				SWIFT_VERSION = 5.0;
				TARGETED_DEVICE_FAMILY = "1,2";
				TEST_TARGET_NAME = bumpers;
			};
			name = Release;
		};
/* End XCBuildConfiguration section */

/* Begin XCConfigurationList section */
		4601893C2F07BB4300025CED /* Build configuration list for PBXNativeTarget "BumpersWidgetExtension" */ = {
			isa = XCConfigurationList;
			buildConfigurations = (
				4601893D2F07BB4300025CED /* Debug */,
				4601893E2F07BB4300025CED /* Release */,
			);
			defaultConfigurationIsVisible = 0;
			defaultConfigurationName = Release;
		};
		46BE927A2F07747000916A0D /* Build configuration list for PBXProject "bumpers" */ = {
			isa = XCConfigurationList;
			buildConfigurations = (
				46BE92A02F07747100916A0D /* Debug */,
				46BE92A12F07747100916A0D /* Release */,
			);
			defaultConfigurationIsVisible = 0;
			defaultConfigurationName = Release;
		};
		46BE92A22F07747100916A0D /* Build configuration list for PBXNativeTarget "bumpers" */ = {
			isa = XCConfigurationList;
			buildConfigurations = (
				46BE92A32F07747100916A0D /* Debug */,
				46BE92A42F07747100916A0D /* Release */,
			);
			defaultConfigurationIsVisible = 0;
			defaultConfigurationName = Release;
		};
		46BE92A52F07747100916A0D /* Build configuration list for PBXNativeTarget "bumpersTests" */ = {
			isa = XCConfigurationList;
			buildConfigurations = (
				46BE92A62F07747100916A0D /* Debug */,
				46BE92A72F07747100916A0D /* Release */,
			);
			defaultConfigurationIsVisible = 0;
			defaultConfigurationName = Release;
		};
		46BE92A82F07747100916A0D /* Build configuration list for PBXNativeTarget "bumpersUITests" */ = {
			isa = XCConfigurationList;
			buildConfigurations = (
				46BE92A92F07747100916A0D /* Debug */,
				46BE92AA2F07747100916A0D /* Release */,
			);
			defaultConfigurationIsVisible = 0;
			defaultConfigurationName = Release;
		};
/* End XCConfigurationList section */
	};
	rootObject = 46BE92772F07747000916A0D /* Project object */;
}
